
Microsoft Visual Studio Solution File, Format Version 12.00
# Visual Studio Version 16
VisualStudioVersion = 16.0.29613.14
MinimumVisualStudioVersion = 10.0.40219.1
Project("{FAE04EC0-301F-11D3-BF4B-00C04F79EFBC}") = "FormsTourismus", "FormsTourismus\FormsTourismus.csproj", "{24260201-2EC0-4586-88C0-F45E6908AA66}"
EndProject
Project("{FAE04EC0-301F-11D3-BF4B-00C04F79EFBC}") = "BiboTourismus", "BiboTourismus\BiboTourismus.csproj", "{8D3CB23B-7C72-446F-A2A9-19CCF86A5327}"
EndProject
Global
	GlobalSection(SolutionConfigurationPlatforms) = preSolution
		Debug|Any CPU = Debug|Any CPU
		Release|Any CPU = Release|Any CPU
	EndGlobalSection
	GlobalSection(ProjectConfigurationPlatforms) = postSolution
		{24260201-2EC0-4586-88C0-F45E6908AA66}.Debug|Any CPU.ActiveCfg = Debug|Any CPU
		{24260201-2EC0-4586-88C0-F45E6908AA66}.Debug|Any CPU.Build.0 = Debug|Any CPU
		{24260201-2EC0-4586-88C0-F45E6908AA66}.Release|Any CPU.ActiveCfg = Release|Any CPU
		{24260201-2EC0-4586-88C0-F45E6908AA66}.Release|Any CPU.Build.0 = Release|Any CPU
		{8D3CB23B-7C72-446F-A2A9-19CCF86A5327}.Debug|Any CPU.ActiveCfg = Debug|Any CPU
		{8D3CB23B-7C72-446F-A2A9-19CCF86A5327}.Debug|Any CPU.Build.0 = Debug|Any CPU
		{8D3CB23B-7C72-446F-A2A9-19CCF86A5327}.Release|Any CPU.ActiveCfg = Release|Any CPU
		{8D3CB23B-7C72-446F-A2A9-19CCF86A5327}.Release|Any CPU.Build.0 = Release|Any CPU
	EndGlobalSection
	GlobalSection(SolutionProperties) = preSolution
		HideSolutionNode = FALSE
	EndGlobalSection
	GlobalSection(ExtensibilityGlobals) = postSolution
		SolutionGuid = {F60A0F94-126C-4E64-826F-4ADB7F14C287}
	EndGlobalSection
EndGlobal
